# OpenFunscripter pinned Homebrew bottle closure for macOS 26 arm64.
# Roots: mpv and ffmpeg. Closure follows Homebrew API dependencies and recommended_dependencies.
# Bottle artifacts are selected from arm64_tahoe, or all for architecture-independent bottles.
# Source: https://formulae.brew.sh/api/formula/<name>.json (snapshot 2026-09-29).
# Columns: formula|stable-version|cellar-version|bottle-tag|URL|SHA256|direct-runtime-dependencies
ca-certificates|2026-09-25|2026-09-25|all|https://ghcr.io/v2/homebrew/core/ca-certificates/blobs/sha256:81804ad8a70a7a8d2a0a964d106765ff88716b310decaeffb4b4895a3252186a|81804ad8a70a7a8d2a0a964d106765ff88716b310decaeffb4b4895a3252186a|-
cairo|1.18.6|1.18.6|arm64_tahoe|https://ghcr.io/v2/homebrew/core/cairo/blobs/sha256:e067e63e664c7d95bdff0a08a293b4a0182a26f38b750f5f7958012e00823416|e067e63e664c7d95bdff0a08a293b4a0182a26f38b750f5f7958012e00823416|fontconfig;freetype;gettext;glib;libpng;libx11;libxcb;libxext;libxrender;lzo;pixman
certifi|2026.7.22|2026.7.22|all|https://ghcr.io/v2/homebrew/core/certifi/blobs/sha256:32634579cf563c68a3ee47d1a570f5f69866884e93524ece27eb912528aecbb3|32634579cf563c68a3ee47d1a570f5f69866884e93524ece27eb912528aecbb3|ca-certificates
cffi|2.1.1|2.1.1|arm64_tahoe|https://ghcr.io/v2/homebrew/core/cffi/blobs/sha256:a9f59871dac0d694d909c4d953173dff0c3058d99c5d192368a40f07d0e6deb9|a9f59871dac0d694d909c4d953173dff0c3058d99c5d192368a40f07d0e6deb9|pycparser
dav1d|1.5.4|1.5.4|arm64_tahoe|https://ghcr.io/v2/homebrew/core/dav1d/blobs/sha256:d30ff747564febd643ec4b279c5adc74f708b8d6eb8e172f914b9fcdec26c464|d30ff747564febd643ec4b279c5adc74f708b8d6eb8e172f914b9fcdec26c464|-
deno|2.9.7|2.9.7|arm64_tahoe|https://ghcr.io/v2/homebrew/core/deno/blobs/sha256:98359a62d2ae77d6878240826153e426929d995f9774514fe91c946be9ad51cd|98359a62d2ae77d6878240826153e426929d995f9774514fe91c946be9ad51cd|little-cms2;sqlite
ffmpeg|9.0.2|9.0.2|arm64_tahoe|https://ghcr.io/v2/homebrew/core/ffmpeg/blobs/sha256:1c3f1b92bece4e10027a022be15a87e8544a54ab0df16b05f098e9abef8abdd6|1c3f1b92bece4e10027a022be15a87e8544a54ab0df16b05f098e9abef8abdd6|dav1d;lame;libvmaf;libvpx;openssl@3;opus;sdl2-compat;svt-av1;x264;x265;xz
flac|1.5.0|1.5.0|arm64_tahoe|https://ghcr.io/v2/homebrew/core/flac/blobs/sha256:82b19ded7c732c245a9e325c191de60f7d17bb3370afdc98d159852cf3f9dbd5|82b19ded7c732c245a9e325c191de60f7d17bb3370afdc98d159852cf3f9dbd5|libogg
fontconfig|2.18.3|2.18.3|arm64_tahoe|https://ghcr.io/v2/homebrew/core/fontconfig/blobs/sha256:ad1c5a3054313853e9eefa9a07c32a3ff7b11c4fbcff9e73affc2a50233dbafe|ad1c5a3054313853e9eefa9a07c32a3ff7b11c4fbcff9e73affc2a50233dbafe|freetype;gettext
freetype|2.14.3|2.14.3|arm64_tahoe|https://ghcr.io/v2/homebrew/core/freetype/blobs/sha256:449e22351da81ba5c8c398f87c295decac6b396bd6fab54becbb3d18800b62d1|449e22351da81ba5c8c398f87c295decac6b396bd6fab54becbb3d18800b62d1|libpng
fribidi|1.0.17|1.0.17|arm64_tahoe|https://ghcr.io/v2/homebrew/core/fribidi/blobs/sha256:1933df503db74d65aa5c47dc71f7eedf88692b1e1866a2d98b8422c085f8ef15|1933df503db74d65aa5c47dc71f7eedf88692b1e1866a2d98b8422c085f8ef15|-
gettext|1.0|1.0|arm64_tahoe|https://ghcr.io/v2/homebrew/core/gettext/blobs/sha256:3af5392939e50a6ef73e42799fc3ead6ef72fe0040c0a45183d04a4008306d6a|3af5392939e50a6ef73e42799fc3ead6ef72fe0040c0a45183d04a4008306d6a|json-c;libunistring
giflib|6.1.3|6.1.3|arm64_tahoe|https://ghcr.io/v2/homebrew/core/giflib/blobs/sha256:5bf0850f756c9fe9469d628d1833b0d44db914e44b6b67037e91312c0d0f560d|5bf0850f756c9fe9469d628d1833b0d44db914e44b6b67037e91312c0d0f560d|-
glib|2.90.0|2.90.0|arm64_tahoe|https://ghcr.io/v2/homebrew/core/glib/blobs/sha256:e2d2d3cff3bb121e8f6c98f9a831e03f78b66e88063fc5d432a68bf0b4951092|e2d2d3cff3bb121e8f6c98f9a831e03f78b66e88063fc5d432a68bf0b4951092|gettext;pcre2
graphite2|1.3.15|1.3.15|arm64_tahoe|https://ghcr.io/v2/homebrew/core/graphite2/blobs/sha256:c05e664c8872f3a9e08ada587a33d71b841673126840fe0cd301300c1f59acea|c05e664c8872f3a9e08ada587a33d71b841673126840fe0cd301300c1f59acea|-
harfbuzz|14.5.0|14.5.0|arm64_tahoe|https://ghcr.io/v2/homebrew/core/harfbuzz/blobs/sha256:2eed947bd43ecc0096bb49de5dcdfbf039376b56490779cda70eac76c05e4cd8|2eed947bd43ecc0096bb49de5dcdfbf039376b56490779cda70eac76c05e4cd8|cairo;freetype;glib;graphite2;icu4c@78;libpng
icu4c@78|78.3|78.3|arm64_tahoe|https://ghcr.io/v2/homebrew/core/icu4c/78/blobs/sha256:0476be299494b97e50a48b0ba08811255300228aef664058e555480d6aee4fb5|0476be299494b97e50a48b0ba08811255300228aef664058e555480d6aee4fb5|-
jpeg-turbo|3.2.0|3.2.0|arm64_tahoe|https://ghcr.io/v2/homebrew/core/jpeg-turbo/blobs/sha256:02539b0736cfacdc6c4bb6a7d274d0c5c8b6e1faf9b5bab1e155168961d288aa|02539b0736cfacdc6c4bb6a7d274d0c5c8b6e1faf9b5bab1e155168961d288aa|-
json-c|0.19|0.19|arm64_tahoe|https://ghcr.io/v2/homebrew/core/json-c/blobs/sha256:f2da9c816501d9c3c0e5f883b60b3d2758b35a3995e20d541d4b029d8b35ef13|f2da9c816501d9c3c0e5f883b60b3d2758b35a3995e20d541d4b029d8b35ef13|-
lame|4.0|4.0|arm64_tahoe|https://ghcr.io/v2/homebrew/core/lame/blobs/sha256:b0fe0cfb39c74a53b7635833fe3293a62c886b084bc5ccc8ed7cd177803182e4|b0fe0cfb39c74a53b7635833fe3293a62c886b084bc5ccc8ed7cd177803182e4|mpg123
libarchive|3.8.9|3.8.9|arm64_tahoe|https://ghcr.io/v2/homebrew/core/libarchive/blobs/sha256:0d24892c4031758a148bece7e41b82cc8be8c8af020eb379d43a98cf984ba26d|0d24892c4031758a148bece7e41b82cc8be8c8af020eb379d43a98cf984ba26d|libb2;lz4;xz;zstd
libass|0.17.5|0.17.5_1|arm64_tahoe|https://ghcr.io/v2/homebrew/core/libass/blobs/sha256:29ac9a179908bc0c3d918b0f41fc40f7fbdfbc8819fa774ac85f0620b9281dc3|29ac9a179908bc0c3d918b0f41fc40f7fbdfbc8819fa774ac85f0620b9281dc3|freetype;fribidi;harfbuzz;libunibreak
libb2|0.98.1|0.98.1|arm64_tahoe|https://ghcr.io/v2/homebrew/core/libb2/blobs/sha256:4c161a089a39249a589b88d39f57998c6a2183426647ce886708861774b001eb|4c161a089a39249a589b88d39f57998c6a2183426647ce886708861774b001eb|-
libbluray|1.5.0|1.5.0|arm64_tahoe|https://ghcr.io/v2/homebrew/core/libbluray/blobs/sha256:6f27f52be0330c4e36c59a6beb6a12255e8e6d51448d35d889246419d20ac042|6f27f52be0330c4e36c59a6beb6a12255e8e6d51448d35d889246419d20ac042|fontconfig;freetype;libudfread
libogg|1.3.6|1.3.6|arm64_tahoe|https://ghcr.io/v2/homebrew/core/libogg/blobs/sha256:4d9d14f8e36ed913c02201bfc01682ba3f550de412e9a24e3ef9aed4f1b8a23d|4d9d14f8e36ed913c02201bfc01682ba3f550de412e9a24e3ef9aed4f1b8a23d|-
libplacebo|7.360.1|7.360.1|arm64_tahoe|https://ghcr.io/v2/homebrew/core/libplacebo/blobs/sha256:6575f7e22f75c946f5c831d2ff130b89aa275a2cdd4dbe7a0204590513b87b25|6575f7e22f75c946f5c831d2ff130b89aa275a2cdd4dbe7a0204590513b87b25|little-cms2;shaderc;vulkan-loader
libpng|1.6.58|1.6.58|arm64_tahoe|https://ghcr.io/v2/homebrew/core/libpng/blobs/sha256:afb3b4e1b5035a602d60668b8a16369704dfa32aca18330f4e0faaec54b3134f|afb3b4e1b5035a602d60668b8a16369704dfa32aca18330f4e0faaec54b3134f|-
libsamplerate|0.2.2|0.2.2|arm64_tahoe|https://ghcr.io/v2/homebrew/core/libsamplerate/blobs/sha256:a5245adca05c76e8f9593494b5909903ffe44c5173b7b713b6c5dec75005953b|a5245adca05c76e8f9593494b5909903ffe44c5173b7b713b6c5dec75005953b|-
libsndfile|1.2.2|1.2.2_1|arm64_tahoe|https://ghcr.io/v2/homebrew/core/libsndfile/blobs/sha256:7788d515f9bc665779112b28a86810a2ac4bc5fb94a763df5d1188e461efce98|7788d515f9bc665779112b28a86810a2ac4bc5fb94a763df5d1188e461efce98|flac;lame;libogg;libvorbis;mpg123;opus
libtiff|4.7.2|4.7.2|arm64_tahoe|https://ghcr.io/v2/homebrew/core/libtiff/blobs/sha256:9a0ff1ac153879e9fb324951f33fc52c797149a6de44176e4fb80f0c8adad9a8|9a0ff1ac153879e9fb324951f33fc52c797149a6de44176e4fb80f0c8adad9a8|jpeg-turbo;webp;xz;zstd
libudfread|1.2.0|1.2.0|arm64_tahoe|https://ghcr.io/v2/homebrew/core/libudfread/blobs/sha256:c30a3d1c34e209bd79301f3626e0e617ed841979ae1e33b0acc066c9643f9dea|c30a3d1c34e209bd79301f3626e0e617ed841979ae1e33b0acc066c9643f9dea|-
libunibreak|8.0|8.0|arm64_tahoe|https://ghcr.io/v2/homebrew/core/libunibreak/blobs/sha256:b5ea43d5ae7e12db466b52c75ae517be48aa31c270e9dbb2cb8a9412d94f1aff|b5ea43d5ae7e12db466b52c75ae517be48aa31c270e9dbb2cb8a9412d94f1aff|-
libunistring|1.4.2|1.4.2|arm64_tahoe|https://ghcr.io/v2/homebrew/core/libunistring/blobs/sha256:14a72bd0aa3f1b2b3a7360be24380171d140b2fc5abbde0144807d3847b6728c|14a72bd0aa3f1b2b3a7360be24380171d140b2fc5abbde0144807d3847b6728c|-
libvmaf|3.2.1|3.2.1|arm64_tahoe|https://ghcr.io/v2/homebrew/core/libvmaf/blobs/sha256:703f56cd94ba6bb86ee1463bec792d8ad6f9841f67152fa6e93040b966bbf82f|703f56cd94ba6bb86ee1463bec792d8ad6f9841f67152fa6e93040b966bbf82f|-
libvorbis|1.3.7|1.3.7|arm64_tahoe|https://ghcr.io/v2/homebrew/core/libvorbis/blobs/sha256:99c0de7ff87f4648bb17acd0324a15563e975b7492dbd4f11fd656a8eb6b5622|99c0de7ff87f4648bb17acd0324a15563e975b7492dbd4f11fd656a8eb6b5622|libogg
libvpx|1.17.0|1.17.0|arm64_tahoe|https://ghcr.io/v2/homebrew/core/libvpx/blobs/sha256:f98fa074f8eef7b2de3346fb83d4da15e7e6284fd13bf65210d855043f78f8c1|f98fa074f8eef7b2de3346fb83d4da15e7e6284fd13bf65210d855043f78f8c1|-
libx11|1.8.13|1.8.13|arm64_tahoe|https://ghcr.io/v2/homebrew/core/libx11/blobs/sha256:eea875959b2cd7b129fe9459e1771141b9215f3452e671996434f664fe96e193|eea875959b2cd7b129fe9459e1771141b9215f3452e671996434f664fe96e193|libxcb;xorgproto
libxau|1.0.12|1.0.12|arm64_tahoe|https://ghcr.io/v2/homebrew/core/libxau/blobs/sha256:503040606c5d29dd415f2c8dcba7e181d259e4cdff02d1d8bde4e9ea5244765a|503040606c5d29dd415f2c8dcba7e181d259e4cdff02d1d8bde4e9ea5244765a|xorgproto
libxcb|1.17.0|1.17.0|arm64_tahoe|https://ghcr.io/v2/homebrew/core/libxcb/blobs/sha256:059edd054b17234abb0ce8a34dcbbd927e104445d09a3f5904ea82f7c5aa7ded|059edd054b17234abb0ce8a34dcbbd927e104445d09a3f5904ea82f7c5aa7ded|libxau;libxdmcp
libxdmcp|1.1.5|1.1.5|arm64_tahoe|https://ghcr.io/v2/homebrew/core/libxdmcp/blobs/sha256:34ca0da1c319eeea93ce31badfb5c29c8876cea644754279e93f6cf032ab5cb1|34ca0da1c319eeea93ce31badfb5c29c8876cea644754279e93f6cf032ab5cb1|xorgproto
libxext|1.3.7|1.3.7|arm64_tahoe|https://ghcr.io/v2/homebrew/core/libxext/blobs/sha256:7cf2c8903d82f28e0e854c8d6d3dff46ea98c5512724e5349af40f1edca88e9c|7cf2c8903d82f28e0e854c8d6d3dff46ea98c5512724e5349af40f1edca88e9c|libx11;xorgproto
libxrender|0.9.12|0.9.12|arm64_tahoe|https://ghcr.io/v2/homebrew/core/libxrender/blobs/sha256:6405639931b8924b009e16163b7d99f50a10274189cb7f7eba12a4585d1ef255|6405639931b8924b009e16163b7d99f50a10274189cb7f7eba12a4585d1ef255|libx11;xorgproto
little-cms2|2.19.1|2.19.1|arm64_tahoe|https://ghcr.io/v2/homebrew/core/little-cms2/blobs/sha256:11f9fcdcbbe77b186777196971d8ba2c41526d2d96fbd02d411461df73313dce|11f9fcdcbbe77b186777196971d8ba2c41526d2d96fbd02d411461df73313dce|jpeg-turbo;libtiff
luajit|2.1.1788856981|2.1.1788856981|arm64_tahoe|https://ghcr.io/v2/homebrew/core/luajit/blobs/sha256:f784345a4fa60b214f2bcf2cd4d2072adfb9c454f9734c4eb365d84293bd91ec|f784345a4fa60b214f2bcf2cd4d2072adfb9c454f9734c4eb365d84293bd91ec|-
lz4|1.10.0|1.10.0|arm64_tahoe|https://ghcr.io/v2/homebrew/core/lz4/blobs/sha256:2be9df952396d89008e56232b065354b3bd51dde5f8a30c1fe18d765ff26e017|2be9df952396d89008e56232b065354b3bd51dde5f8a30c1fe18d765ff26e017|-
lzo|2.10|2.10|arm64_tahoe|https://ghcr.io/v2/homebrew/core/lzo/blobs/sha256:9863be33af38858d028657bdfbceaff00465b23a9857ce6ed93e2ad24f6adbd8|9863be33af38858d028657bdfbceaff00465b23a9857ce6ed93e2ad24f6adbd8|-
molten-vk|1.4.2|1.4.2|arm64_tahoe|https://ghcr.io/v2/homebrew/core/molten-vk/blobs/sha256:5a83a9421fb588695613464a75ea469443f9aef72db475c3b2ae64dccc97c98a|5a83a9421fb588695613464a75ea469443f9aef72db475c3b2ae64dccc97c98a|-
mpdecimal|4.0.1|4.0.1|arm64_tahoe|https://ghcr.io/v2/homebrew/core/mpdecimal/blobs/sha256:9fa6ced040c13747f9b010f406453c14041659dfb496a791b949c163b8a413f5|9fa6ced040c13747f9b010f406453c14041659dfb496a791b949c163b8a413f5|-
mpg123|1.33.7|1.33.7|arm64_tahoe|https://ghcr.io/v2/homebrew/core/mpg123/blobs/sha256:5fcd87caeb9b6e6730d7de5c7738e785c84814c641d1ba9ac578a142d2b033f5|5fcd87caeb9b6e6730d7de5c7738e785c84814c641d1ba9ac578a142d2b033f5|-
mpv|0.41.0|0.41.0_10|arm64_tahoe|https://ghcr.io/v2/homebrew/core/mpv/blobs/sha256:7d498f6e80a4f6b4071c5f2862e1a228edac45961d52c713831e0cef8e1cf6ba|7d498f6e80a4f6b4071c5f2862e1a228edac45961d52c713831e0cef8e1cf6ba|ffmpeg;jpeg-turbo;libarchive;libass;libbluray;libplacebo;little-cms2;luajit;molten-vk;mujs;rubberband;uchardet;vapoursynth;vulkan-loader;yt-dlp;zimg
mujs|1.3.10|1.3.10|arm64_tahoe|https://ghcr.io/v2/homebrew/core/mujs/blobs/sha256:a74e150e1d09521e6105a443d5587ac33bf2ca3cac25390125ce6484bd4869b9|a74e150e1d09521e6105a443d5587ac33bf2ca3cac25390125ce6484bd4869b9|-
openssl@3|3.6.4|3.6.4_1|arm64_tahoe|https://ghcr.io/v2/homebrew/core/openssl/3/blobs/sha256:ef13592a20830e81b8a72d958a65dfe671966e0df199c437cbbbe1d9362d72dc|ef13592a20830e81b8a72d958a65dfe671966e0df199c437cbbbe1d9362d72dc|ca-certificates
opus|1.6.1|1.6.1|arm64_tahoe|https://ghcr.io/v2/homebrew/core/opus/blobs/sha256:5e8146a64fab2683ea447aaa7d0de0b1d717539b4cdabd1fedd4a510e4be0d1e|5e8146a64fab2683ea447aaa7d0de0b1d717539b4cdabd1fedd4a510e4be0d1e|-
pcre2|10.49|10.49|arm64_tahoe|https://ghcr.io/v2/homebrew/core/pcre2/blobs/sha256:475d36ffae1f472554eac1fd96ca3ead3840c3d8fd2d34b257d2d7c4c1e5a17f|475d36ffae1f472554eac1fd96ca3ead3840c3d8fd2d34b257d2d7c4c1e5a17f|-
pixman|0.46.4|0.46.4|arm64_tahoe|https://ghcr.io/v2/homebrew/core/pixman/blobs/sha256:2b011051909d7f9ad432a76d32c0490f796ad545f7acbd6445356024f0c712e5|2b011051909d7f9ad432a76d32c0490f796ad545f7acbd6445356024f0c712e5|-
pycparser|3.0|3.0|all|https://ghcr.io/v2/homebrew/core/pycparser/blobs/sha256:2c10120dc7d0f6e19f7ceaa82bf41195df1541f3971a69367611f04121babec8|2c10120dc7d0f6e19f7ceaa82bf41195df1541f3971a69367611f04121babec8|-
python@3.14|3.14.7|3.14.7|arm64_tahoe|https://ghcr.io/v2/homebrew/core/python/3.14/blobs/sha256:9747ec7c458569bb6c03e5b9e1f5fcb7552f4955794b8164e21d70e6b2839e08|9747ec7c458569bb6c03e5b9e1f5fcb7552f4955794b8164e21d70e6b2839e08|mpdecimal;openssl@3;sqlite;xz;zstd
readline|8.3.6|8.3.6|arm64_tahoe|https://ghcr.io/v2/homebrew/core/readline/blobs/sha256:15cdd69af824537192843db389cbfd2459b3797cf4f36c906f8f8ab617d7d59f|15cdd69af824537192843db389cbfd2459b3797cf4f36c906f8f8ab617d7d59f|-
rubberband|4.0.0|4.0.0|arm64_tahoe|https://ghcr.io/v2/homebrew/core/rubberband/blobs/sha256:65ba1e050a7368f043369932bfc493de4f33f9dda9f6863250960559b5bdf1d8|65ba1e050a7368f043369932bfc493de4f33f9dda9f6863250960559b5bdf1d8|libsamplerate;libsndfile
sdl2-compat|2.32.72|2.32.72|arm64_tahoe|https://ghcr.io/v2/homebrew/core/sdl2-compat/blobs/sha256:fbceadf543763868897ae643c8b04377e0971dfc0e8f3d9397bd80565016ec9c|fbceadf543763868897ae643c8b04377e0971dfc0e8f3d9397bd80565016ec9c|sdl3
sdl3|3.4.16|3.4.16|arm64_tahoe|https://ghcr.io/v2/homebrew/core/sdl3/blobs/sha256:8af6805a4ba6d9cb9cc74706fe55b7ae6580cfea36f6fe8322c6803be07e116e|8af6805a4ba6d9cb9cc74706fe55b7ae6580cfea36f6fe8322c6803be07e116e|-
shaderc|2026.4|2026.4|arm64_tahoe|https://ghcr.io/v2/homebrew/core/shaderc/blobs/sha256:12ba0c59a98fb8f671f9473573002b2a812f26d2e60ea4f577f0c8c750c9838a|12ba0c59a98fb8f671f9473573002b2a812f26d2e60ea4f577f0c8c750c9838a|-
sqlite|3.53.4|3.53.4|arm64_tahoe|https://ghcr.io/v2/homebrew/core/sqlite/blobs/sha256:d09c4852f75e19c18c3e347ce73c81b0b864792046f079d074205522c735d3fc|d09c4852f75e19c18c3e347ce73c81b0b864792046f079d074205522c735d3fc|readline
svt-av1|4.2.0|4.2.0|arm64_tahoe|https://ghcr.io/v2/homebrew/core/svt-av1/blobs/sha256:bd6186cc963d1980f0d81d59ecef58c8fa6263eb1124211dd3537b224e04c9e0|bd6186cc963d1980f0d81d59ecef58c8fa6263eb1124211dd3537b224e04c9e0|-
uchardet|0.0.8|0.0.8|arm64_tahoe|https://ghcr.io/v2/homebrew/core/uchardet/blobs/sha256:9c7726503e9063cc35716cd81cd22ebb8dbe34aec0922bd02d90b5a435940476|9c7726503e9063cc35716cd81cd22ebb8dbe34aec0922bd02d90b5a435940476|-
vapoursynth|80|80|arm64_tahoe|https://ghcr.io/v2/homebrew/core/vapoursynth/blobs/sha256:7c1ebe0fdcd313876c49a4228f8b8dd201915debdffe928030587c9a245891ce|7c1ebe0fdcd313876c49a4228f8b8dd201915debdffe928030587c9a245891ce|python@3.14;zimg
vulkan-headers|1.4.357.0|1.4.357.0|arm64_tahoe|https://ghcr.io/v2/homebrew/core/vulkan-headers/blobs/sha256:0fb1c2646ada6cef155a0f358f901f460c778842508ebf42bd1fc853fc8d8525|0fb1c2646ada6cef155a0f358f901f460c778842508ebf42bd1fc853fc8d8525|-
vulkan-loader|1.4.357.0|1.4.357.0|arm64_tahoe|https://ghcr.io/v2/homebrew/core/vulkan-loader/blobs/sha256:fcca79db1d905b8d119ac29f172e3fa4c2a5a9928eee5865e11131492d7f1f67|fcca79db1d905b8d119ac29f172e3fa4c2a5a9928eee5865e11131492d7f1f67|vulkan-headers
webp|1.6.0|1.6.0|arm64_tahoe|https://ghcr.io/v2/homebrew/core/webp/blobs/sha256:89d7380c156284433cf5a130b82423b1a3d83b4aac88fe88ba35d174bcc9d3b6|89d7380c156284433cf5a130b82423b1a3d83b4aac88fe88ba35d174bcc9d3b6|giflib;jpeg-turbo;libpng
x264|r3222|r3222|arm64_tahoe|https://ghcr.io/v2/homebrew/core/x264/blobs/sha256:b631667b5ad55c6c3ae383484f658c5b4ba14da8a2fbb1d537975695852529ca|b631667b5ad55c6c3ae383484f658c5b4ba14da8a2fbb1d537975695852529ca|-
x265|4.3|4.3|arm64_tahoe|https://ghcr.io/v2/homebrew/core/x265/blobs/sha256:46dd2b3656ec8e99438a789b627e41a25e3a24407dc76a3a6b88cf159b447858|46dd2b3656ec8e99438a789b627e41a25e3a24407dc76a3a6b88cf159b447858|-
xorgproto|2025.1|2025.1|arm64_tahoe|https://ghcr.io/v2/homebrew/core/xorgproto/blobs/sha256:c65163b3daadd9160d9e2ba92f0541800577833c6b06b50c10aab69c1ce38f25|c65163b3daadd9160d9e2ba92f0541800577833c6b06b50c10aab69c1ce38f25|-
xz|5.8.4|5.8.4|arm64_tahoe|https://ghcr.io/v2/homebrew/core/xz/blobs/sha256:d291ad2277682238329b0e4d249e5e2c948c4b10cd64dba1963d897330ad88dd|d291ad2277682238329b0e4d249e5e2c948c4b10cd64dba1963d897330ad88dd|-
yt-dlp|2026.8.19|2026.8.19_1|arm64_tahoe|https://ghcr.io/v2/homebrew/core/yt-dlp/blobs/sha256:925b69a6ad3ab2dddc35a1dffcf5017f514e591403639edae1f9639ab39a0c3f|925b69a6ad3ab2dddc35a1dffcf5017f514e591403639edae1f9639ab39a0c3f|certifi;cffi;deno;pycparser;python@3.14
zimg|3.0.6|3.0.6|arm64_tahoe|https://ghcr.io/v2/homebrew/core/zimg/blobs/sha256:2beb74e61904dd631d9dfc8e43ae710572041e93058d759b77c37b20c6a9a431|2beb74e61904dd631d9dfc8e43ae710572041e93058d759b77c37b20c6a9a431|-
zstd|1.5.7|1.5.7_1|arm64_tahoe|https://ghcr.io/v2/homebrew/core/zstd/blobs/sha256:628a4ef53428d0078e3d76d297171ce8d0294f5ec1de3f20305e08c4dd333565|628a4ef53428d0078e3d76d297171ce8d0294f5ec1de3f20305e08c4dd333565|lz4;xz
